{
  "version": 4,
  "terraform_version": "1.14.8",
  "serial": 863,
  "lineage": "61f4dc2f-9069-8cd6-c059-12e0c5c5bcb0",
  "outputs": {
    "bastion_public_ip": {
      "value": "13.220.45.9",
      "type": "string"
    },
    "control_node_ip": {
      "value": "10.0.2.246",
      "type": "string"
    },
    "data_node_ip": {
      "value": "10.0.2.45",
      "type": "string"
    }
  },
  "resources": [
    {
      "mode": "data",
      "type": "aws_iam_policy_document",
      "name": "secrets_reader",
      "provider": "provider[\"registry.terraform.io/hashicorp/aws\"]",
      "instances": [
        {
          "schema_version": 0,
          "attributes": {
            "id": "4193343025",
            "json": "{\n  \"Version\": \"2012-10-17\",\n  \"Statement\": [\n    {\n      \"Sid\": \"AllowReadSecretValue\",\n      \"Effect\": \"Allow\",\n      \"Action\": \"secretsmanager:GetSecretValue\",\n      \"Resource\": \"arn:aws:secretsmanager:us-east-1:953909302469:secret:*\"\n    }\n  ]\n}",
            "minified_json": "{\"Version\":\"2012-10-17\",\"Statement\":[{\"Sid\":\"AllowReadSecretValue\",\"Effect\":\"Allow\",\"Action\":\"secretsmanager:GetSecretValue\",\"Resource\":\"arn:aws:secretsmanager:us-east-1:953909302469:secret:*\"}]}",
            "override_json": null,
            "override_policy_documents": null,
            "policy_id": null,
            "source_json": null,
            "source_policy_documents": null,
            "statement": [
              {
                "actions": [
                  "secretsmanager:GetSecretValue"
                ],
                "condition": [],
                "effect": "Allow",
                "not_actions": [],
                "not_principals": [],
                "not_resources": [],
                "principals": [],
                "resources": [
                  "arn:aws:secretsmanager:us-east-1:953909302469:secret:*"
                ],
                "sid": "AllowReadSecretValue"
              }
            ],
            "version": "2012-10-17"
          },
          "sensitive_attributes": [],
          "identity_schema_version": 0
        }
      ]
    },
    {
      "mode": "data",
      "type": "aws_instance",
      "name": "control_plane_node",
      "provider": "provider[\"registry.terraform.io/hashicorp/aws\"]",
      "instances": [
        {
          "schema_version": 0,
          "attributes": {
            "ami": "ami-09e973f123c32cf86",
            "arn": "arn:aws:ec2:us-east-1:953909302469:instance/i-03cd56de7e28115f6",
            "associate_public_ip_address": false,
            "availability_zone": "us-east-1a",
            "credit_specification": [
              {
                "cpu_credits": "unlimited"
              }
            ],
            "disable_api_stop": false,
            "disable_api_termination": false,
            "ebs_block_device": [],
            "ebs_optimized": false,
            "enclave_options": [
              {
                "enabled": false
              }
            ],
            "ephemeral_block_device": [],
            "filter": [
              {
                "name": "instance-state-name",
                "values": [
                  "running"
                ]
              },
              {
                "name": "tag:Name",
                "values": [
                  "node_control_plane"
                ]
              }
            ],
            "get_password_data": false,
            "get_user_data": false,
            "host_id": "",
            "host_resource_group_arn": "",
            "iam_instance_profile": "k8s_node_instance_profile",
            "id": "i-03cd56de7e28115f6",
            "instance_id": null,
            "instance_state": "running",
            "instance_tags": null,
            "instance_type": "t3.small",
            "ipv6_addresses": [],
            "key_name": "deployer-key",
            "launch_time": "2026-08-05T07:00:42Z",
            "maintenance_options": [
              {
                "auto_recovery": "default"
              }
            ],
            "metadata_options": [
              {
                "http_endpoint": "enabled",
                "http_protocol_ipv6": "disabled",
                "http_put_response_hop_limit": 1,
                "http_tokens": "optional",
                "instance_metadata_tags": "disabled"
              }
            ],
            "monitoring": false,
            "network_interface_id": "eni-09a983eab1c086b18",
            "outpost_arn": "",
            "password_data": null,
            "placement_group": "",
            "placement_group_id": "",
            "placement_partition_number": 0,
            "private_dns": "ip-10-0-2-246.ec2.internal",
            "private_dns_name_options": [
              {
                "enable_resource_name_dns_a_record": false,
                "enable_resource_name_dns_aaaa_record": false,
                "hostname_type": "ip-name"
              }
            ],
            "private_ip": "10.0.2.246",
            "public_dns": "",
            "public_ip": "",
            "region": "us-east-1",
            "root_block_device": [
              {
                "delete_on_termination": true,
                "device_name": "/dev/sda1",
                "encrypted": false,
                "iops": 3000,
                "kms_key_id": "",
                "tags": {},
                "throughput": 125,
                "volume_id": "vol-0fff1ca877853efeb",
                "volume_size": 10,
                "volume_type": "gp3"
              }
            ],
            "secondary_private_ips": [],
            "security_groups": [],
            "source_dest_check": true,
            "subnet_id": "subnet-07154cb03170e16fe",
            "tags": {
              "Name": "node_control_plane"
            },
            "tenancy": "default",
            "timeouts": null,
            "user_data": "e884c7eafa4c42228cd68f518cb5ab930adca5d5",
            "user_data_base64": null,
            "vpc_security_group_ids": [
              "sg-058ca43d24ea9ad17"
            ]
          },
          "sensitive_attributes": [],
          "identity_schema_version": 0
        }
      ]
    },
    {
      "mode": "data",
      "type": "aws_instance",
      "name": "data_plane_node",
      "provider": "provider[\"registry.terraform.io/hashicorp/aws\"]",
      "instances": [
        {
          "schema_version": 0,
          "attributes": {
            "ami": "ami-09e973f123c32cf86",
            "arn": "arn:aws:ec2:us-east-1:953909302469:instance/i-030c54c798cc2e84e",
            "associate_public_ip_address": false,
            "availability_zone": "us-east-1a",
            "credit_specification": [
              {
                "cpu_credits": "unlimited"
              }
            ],
            "disable_api_stop": false,
            "disable_api_termination": false,
            "ebs_block_device": [],
            "ebs_optimized": false,
            "enclave_options": [
              {
                "enabled": false
              }
            ],
            "ephemeral_block_device": [],
            "filter": [
              {
                "name": "instance-state-name",
                "values": [
                  "running"
                ]
              },
              {
                "name": "tag:Name",
                "values": [
                  "node_data_plane"
                ]
              }
            ],
            "get_password_data": false,
            "get_user_data": false,
            "host_id": "",
            "host_resource_group_arn": "",
            "iam_instance_profile": "k8s_node_instance_profile",
            "id": "i-030c54c798cc2e84e",
            "instance_id": null,
            "instance_state": "running",
            "instance_tags": null,
            "instance_type": "t3.small",
            "ipv6_addresses": [],
            "key_name": "deployer-key",
            "launch_time": "2026-08-05T07:00:41Z",
            "maintenance_options": [
              {
                "auto_recovery": "default"
              }
            ],
            "metadata_options": [
              {
                "http_endpoint": "enabled",
                "http_protocol_ipv6": "disabled",
                "http_put_response_hop_limit": 1,
                "http_tokens": "optional",
                "instance_metadata_tags": "disabled"
              }
            ],
            "monitoring": false,
            "network_interface_id": "eni-060d3f05ac4db3d51",
            "outpost_arn": "",
            "password_data": null,
            "placement_group": "",
            "placement_group_id": "",
            "placement_partition_number": 0,
            "private_dns": "ip-10-0-2-45.ec2.internal",
            "private_dns_name_options": [
              {
                "enable_resource_name_dns_a_record": false,
                "enable_resource_name_dns_aaaa_record": false,
                "hostname_type": "ip-name"
              }
            ],
            "private_ip": "10.0.2.45",
            "public_dns": "",
            "public_ip": "",
            "region": "us-east-1",
            "root_block_device": [
              {
                "delete_on_termination": true,
                "device_name": "/dev/sda1",
                "encrypted": false,
                "iops": 3000,
                "kms_key_id": "",
                "tags": {},
                "throughput": 125,
                "volume_id": "vol-0dfacd2af16fa0c24",
                "volume_size": 10,
                "volume_type": "gp3"
              }
            ],
            "secondary_private_ips": [],
            "security_groups": [],
            "source_dest_check": true,
            "subnet_id": "subnet-07154cb03170e16fe",
            "tags": {
              "Name": "node_data_plane"
            },
            "tenancy": "default",
            "timeouts": null,
            "user_data": "e884c7eafa4c42228cd68f518cb5ab930adca5d5",
            "user_data_base64": null,
            "vpc_security_group_ids": [
              "sg-058ca43d24ea9ad17"
            ]
          },
          "sensitive_attributes": [],
          "identity_schema_version": 0
        }
      ]
    },
    {
      "mode": "data",
      "type": "aws_route53_zone",
      "name": "sandbox",
      "provider": "provider[\"registry.terraform.io/hashicorp/aws\"]",
      "instances": [
        {
          "schema_version": 0,
          "attributes": {
            "arn": "arn:aws:route53:::hostedzone/Z08431203SI1V1TN7WFON",
            "caller_reference": "53cd8505-6761-4e0c-acfd-fc28a3840df5",
            "comment": "",
            "enable_accelerated_recovery": false,
            "id": "Z08431203SI1V1TN7WFON",
            "linked_service_description": null,
            "linked_service_principal": null,
            "name": "mysandbox.net.in",
            "name_servers": [
              "ns-835.awsdns-40.net",
              "ns-399.awsdns-49.com",
              "ns-1484.awsdns-57.org",
              "ns-1655.awsdns-14.co.uk"
            ],
            "primary_name_server": "ns-835.awsdns-40.net",
            "private_zone": false,
            "resource_record_set_count": 2,
            "tags": {},
            "vpc_id": null,
            "zone_id": "Z08431203SI1V1TN7WFON"
          },
          "sensitive_attributes": [],
          "identity_schema_version": 0
        }
      ]
    },
    {
      "mode": "managed",
      "type": "aws_iam_instance_profile",
      "name": "bastion_instance_profile",
      "provider": "provider[\"registry.terraform.io/hashicorp/aws\"]",
      "instances": [
        {
          "schema_version": 0,
          "attributes": {
            "arn": "arn:aws:iam::953909302469:instance-profile/bastion_instance_profile",
            "create_date": "2026-08-05T07:00:16Z",
            "id": "bastion_instance_profile",
            "name": "bastion_instance_profile",
            "name_prefix": "",
            "path": "/",
            "role": "bastion-ec2-role",
            "tags": null,
            "tags_all": {},
            "unique_id": "AIPA54GLM2TC3CQXTVCOT"
          },
          "sensitive_attributes": [],
          "identity_schema_version": 0,
          "identity": {
            "account_id": "953909302469",
            "name": "bastion_instance_profile"
          },
          "private": "bnVsbA==",
          "dependencies": [
            "aws_iam_role.bastion_role"
          ]
        }
      ]
    },
    {
      "mode": "managed",
      "type": "aws_iam_instance_profile",
      "name": "nodes_instance_profile",
      "provider": "provider[\"registry.terraform.io/hashicorp/aws\"]",
      "instances": [
        {
          "schema_version": 0,
          "attributes": {
            "arn": "arn:aws:iam::953909302469:instance-profile/k8s_node_instance_profile",
            "create_date": "2026-08-05T07:00:16Z",
            "id": "k8s_node_instance_profile",
            "name": "k8s_node_instance_profile",
            "name_prefix": "",
            "path": "/",
            "role": "k8s-ec2-role",
            "tags": null,
            "tags_all": {},
            "unique_id": "AIPA54GLM2TC5S27F3F2Q"
          },
          "sensitive_attributes": [],
          "identity_schema_version": 0,
          "identity": {
            "account_id": "953909302469",
            "name": "k8s_node_instance_profile"
          },
          "private": "bnVsbA==",
          "dependencies": [
            "aws_iam_role.ec2_role"
          ],
          "create_before_destroy": true
        }
      ]
    },
    {
      "mode": "managed",
      "type": "aws_iam_policy",
      "name": "secrets_reader",
      "provider": "provider[\"registry.terraform.io/hashicorp/aws\"]",
      "instances": [
        {
          "schema_version": 0,
          "attributes": {
            "arn": "arn:aws:iam::953909302469:policy/secrets-reader-policy",
            "attachment_count": 0,
            "delay_after_policy_creation_in_ms": null,
            "description": "Grants permission to read Secrets Manager secret",
            "id": "arn:aws:iam::953909302469:policy/secrets-reader-policy",
            "name": "secrets-reader-policy",
            "name_prefix": "",
            "path": "/",
            "policy": "{\"Statement\":[{\"Action\":\"secretsmanager:GetSecretValue\",\"Effect\":\"Allow\",\"Resource\":\"arn:aws:secretsmanager:us-east-1:953909302469:secret:*\",\"Sid\":\"AllowReadSecretValue\"}],\"Version\":\"2012-10-17\"}",
            "policy_id": "ANPA54GLM2TC3AHXHF72C",
            "tags": null,
            "tags_all": {}
          },
          "sensitive_attributes": [],
          "identity_schema_version": 0,
          "identity": {
            "arn": "arn:aws:iam::953909302469:policy/secrets-reader-policy"
          },
          "private": "bnVsbA==",
          "dependencies": [
            "data.aws_iam_policy_document.secrets_reader"
          ]
        }
      ]
    },
    {
      "mode": "managed",
      "type": "aws_iam_role",
      "name": "bastion_role",
      "provider": "provider[\"registry.terraform.io/hashicorp/aws\"]",
      "instances": [
        {
          "schema_version": 0,
          "attributes": {
            "arn": "arn:aws:iam::953909302469:role/bastion-ec2-role",
            "assume_role_policy": "{\"Statement\":[{\"Action\":\"sts:AssumeRole\",\"Effect\":\"Allow\",\"Principal\":{\"Service\":\"ec2.amazonaws.com\"}}],\"Version\":\"2012-10-17\"}",
            "create_date": "2026-08-05T07:00:15Z",
            "description": "",
            "force_detach_policies": false,
            "id": "bastion-ec2-role",
            "inline_policy": [],
            "managed_policy_arns": [],
            "max_session_duration": 3600,
            "name": "bastion-ec2-role",
            "name_prefix": "",
            "path": "/",
            "permissions_boundary": "",
            "tags": null,
            "tags_all": {},
            "unique_id": "AROA54GLM2TC433CED5LX"
          },
          "sensitive_attributes": [],
          "identity_schema_version": 0,
          "identity": {
            "account_id": "953909302469",
            "name": "bastion-ec2-role"
          },
          "private": "bnVsbA=="
        }
      ]
    },
    {
      "mode": "managed",
      "type": "aws_iam_role",
      "name": "ec2_role",
      "provider": "provider[\"registry.terraform.io/hashicorp/aws\"]",
      "instances": [
        {
          "schema_version": 0,
          "attributes": {
            "arn": "arn:aws:iam::953909302469:role/k8s-ec2-role",
            "assume_role_policy": "{\"Statement\":[{\"Action\":\"sts:AssumeRole\",\"Effect\":\"Allow\",\"Principal\":{\"Service\":\"ec2.amazonaws.com\"}}],\"Version\":\"2012-10-17\"}",
            "create_date": "2026-08-05T07:00:15Z",
            "description": "",
            "force_detach_policies": false,
            "id": "k8s-ec2-role",
            "inline_policy": [],
            "managed_policy_arns": [],
            "max_session_duration": 3600,
            "name": "k8s-ec2-role",
            "name_prefix": "",
            "path": "/",
            "permissions_boundary": "",
            "tags": null,
            "tags_all": {},
            "unique_id": "AROA54GLM2TC7HBQCQ5YD"
          },
          "sensitive_attributes": [],
          "identity_schema_version": 0,
          "identity": {
            "account_id": "953909302469",
            "name": "k8s-ec2-role"
          },
          "private": "bnVsbA==",
          "create_before_destroy": true
        }
      ]
    },
    {
      "mode": "managed",
      "type": "aws_iam_role_policy_attachment",
      "name": "bastion_policy",
      "provider": "provider[\"registry.terraform.io/hashicorp/aws\"]",
      "instances": [
        {
          "schema_version": 0,
          "attributes": {
            "id": "bastion-ec2-role/arn:aws:iam::953909302469:policy/secrets-reader-policy",
            "policy_arn": "arn:aws:iam::953909302469:policy/secrets-reader-policy",
            "role": "bastion-ec2-role"
          },
          "sensitive_attributes": [],
          "identity_schema_version": 0,
          "identity": {
            "account_id": "953909302469",
            "policy_arn": "arn:aws:iam::953909302469:policy/secrets-reader-policy",
            "role": "bastion-ec2-role"
          },
          "private": "bnVsbA==",
          "dependencies": [
            "aws_iam_policy.secrets_reader",
            "aws_iam_role.bastion_role",
            "data.aws_iam_policy_document.secrets_reader"
          ]
        }
      ]
    },
    {
      "mode": "managed",
      "type": "aws_iam_role_policy_attachment",
      "name": "ebs_csidriver_policy",
      "provider": "provider[\"registry.terraform.io/hashicorp/aws\"]",
      "instances": [
        {
          "index_key": "arn:aws:iam::aws:policy/AmazonEBSCSIDriverPolicyV2",
          "schema_version": 0,
          "attributes": {
            "id": "k8s-ec2-role/arn:aws:iam::aws:policy/AmazonEBSCSIDriverPolicyV2",
            "policy_arn": "arn:aws:iam::aws:policy/AmazonEBSCSIDriverPolicyV2",
            "role": "k8s-ec2-role"
          },
          "sensitive_attributes": [],
          "identity_schema_version": 0,
          "identity": {
            "account_id": "953909302469",
            "policy_arn": "arn:aws:iam::aws:policy/AmazonEBSCSIDriverPolicyV2",
            "role": "k8s-ec2-role"
          },
          "private": "bnVsbA==",
          "dependencies": [
            "aws_iam_role.ec2_role"
          ]
        },
        {
          "index_key": "arn:aws:iam::aws:policy/AmazonEC2ContainerRegistryReadOnly",
          "schema_version": 0,
          "attributes": {
            "id": "k8s-ec2-role/arn:aws:iam::aws:policy/AmazonEC2ContainerRegistryReadOnly",
            "policy_arn": "arn:aws:iam::aws:policy/AmazonEC2ContainerRegistryReadOnly",
            "role": "k8s-ec2-role"
          },
          "sensitive_attributes": [],
          "identity_schema_version": 0,
          "identity": {
            "account_id": "953909302469",
            "policy_arn": "arn:aws:iam::aws:policy/AmazonEC2ContainerRegistryReadOnly",
            "role": "k8s-ec2-role"
          },
          "private": "bnVsbA==",
          "dependencies": [
            "aws_iam_role.ec2_role"
          ]
        }
      ]
    },
    {
      "mode": "managed",
      "type": "aws_key_pair",
      "name": "ssh_key",
      "provider": "provider[\"registry.terraform.io/hashicorp/aws\"]",
      "instances": [
        {
          "schema_version": 1,
          "attributes": {
            "arn": "arn:aws:ec2:us-east-1:953909302469:key-pair/deployer-key",
            "fingerprint": "5d:e4:ee:da:6e:9e:d2:af:e0:b9:8f:79:1e:59:ec:41",
            "id": "deployer-key",
            "key_name": "deployer-key",
            "key_name_prefix": "",
            "key_pair_id": "key-041ebe9b3a5266cec",
            "key_type": "rsa",
            "public_key": "ssh-rsa AAAAB3NzaC1yc2EAAAADAQABAAABAQDJxyHX4DTdzo78CqM27vURU/7uf1X1sTqJSNPeuSayarbZut+whc8Q8Ks3DIIP0eqmrcHOGjVW8ZOoB1seBCOTsRQhW9ki7og3Z0hnouBeBCfGbn+anfqT5QBxXT/MMj9EcrVoNfZjVlyawWYqT9z3zZon4zd1T8XDYEQkgGHDSVLg+BUUskUqx4zb5l7SdZUxpL50j0Tt/T8PcRsEKFqmCFdCxAWHR5ePbCSmgeWHa0RuW4aQMWZe5O8QK1BQDgmvsdEFYMiYlOurHdomcX8pJ19/pcT13u2CCKIQa2gG6xUnI9rkD4GJ0nRxlNhCg0Rt4GVsXKtEKmjLSqo3rvrB riyaztevar@Riyazs-MacBook-Air.local",
            "region": "us-east-1",
            "tags": null,
            "tags_all": {}
          },
          "sensitive_attributes": [],
          "identity_schema_version": 0,
          "private": "eyJzY2hlbWFfdmVyc2lvbiI6IjEifQ==",
          "create_before_destroy": true
        }
      ]
    },
    {
      "mode": "managed",
      "type": "aws_route53_record",
      "name": "bastion_record",
      "provider": "provider[\"registry.terraform.io/hashicorp/aws\"]",
      "instances": [
        {
          "schema_version": 2,
          "attributes": {
            "alias": [],
            "allow_overwrite": null,
            "cidr_routing_policy": [],
            "failover_routing_policy": [],
            "fqdn": "bastion.pub.mysandbox.net.in",
            "geolocation_routing_policy": [],
            "geoproximity_routing_policy": [],
            "health_check_id": "",
            "id": "Z08431203SI1V1TN7WFON_bastion.pub_A",
            "latency_routing_policy": [],
            "multivalue_answer_routing_policy": false,
            "name": "bastion.pub",
            "records": [
              "13.220.45.9"
            ],
            "set_identifier": "",
            "timeouts": null,
            "ttl": 300,
            "type": "A",
            "weighted_routing_policy": [],
            "zone_id": "Z08431203SI1V1TN7WFON"
          },
          "sensitive_attributes": [],
          "identity_schema_version": 0,
          "identity": {
            "account_id": "953909302469",
            "name": "bastion.pub.mysandbox.net.in",
            "set_identifier": null,
            "type": "A",
            "zone_id": "Z08431203SI1V1TN7WFON"
          },
          "private": "eyJlMmJmYjczMC1lY2FhLTExZTYtOGY4OC0zNDM2M2JjN2M0YzAiOnsiY3JlYXRlIjoxODAwMDAwMDAwMDAwLCJkZWxldGUiOjE4MDAwMDAwMDAwMDAsInVwZGF0ZSI6MTgwMDAwMDAwMDAwMH0sInNjaGVtYV92ZXJzaW9uIjoiMiJ9",
          "dependencies": [
            "aws_key_pair.ssh_key",
            "data.aws_route53_zone.sandbox",
            "module.bastion.aws_instance.spot_ec2",
            "module.vpc_infra.aws_security_group.public_sg",
            "module.vpc_infra.aws_subnet.public",
            "module.vpc_infra.aws_vpc.my_vpc"
          ]
        }
      ]
    },
    {
      "mode": "managed",
      "type": "aws_route53_record",
      "name": "ctl_plane_record",
      "provider": "provider[\"registry.terraform.io/hashicorp/aws\"]",
      "instances": [
        {
          "schema_version": 2,
          "attributes": {
            "alias": [],
            "allow_overwrite": null,
            "cidr_routing_policy": [],
            "failover_routing_policy": [],
            "fqdn": "ctl-plane.mysandbox.net.in",
            "geolocation_routing_policy": [],
            "geoproximity_routing_policy": [],
            "health_check_id": "",
            "id": "Z08431203SI1V1TN7WFON_ctl-plane_A",
            "latency_routing_policy": [],
            "multivalue_answer_routing_policy": false,
            "name": "ctl-plane",
            "records": [
              "10.0.2.246"
            ],
            "set_identifier": "",
            "timeouts": null,
            "ttl": 300,
            "type": "A",
            "weighted_routing_policy": [],
            "zone_id": "Z08431203SI1V1TN7WFON"
          },
          "sensitive_attributes": [],
          "identity_schema_version": 0,
          "identity": {
            "account_id": "953909302469",
            "name": "ctl-plane.mysandbox.net.in",
            "set_identifier": null,
            "type": "A",
            "zone_id": "Z08431203SI1V1TN7WFON"
          },
          "private": "eyJlMmJmYjczMC1lY2FhLTExZTYtOGY4OC0zNDM2M2JjN2M0YzAiOnsiY3JlYXRlIjoxODAwMDAwMDAwMDAwLCJkZWxldGUiOjE4MDAwMDAwMDAwMDAsInVwZGF0ZSI6MTgwMDAwMDAwMDAwMH0sInNjaGVtYV92ZXJzaW9uIjoiMiJ9",
          "dependencies": [
            "aws_iam_instance_profile.nodes_instance_profile",
            "aws_iam_role.ec2_role",
            "aws_key_pair.ssh_key",
            "data.aws_instance.control_plane_node",
            "data.aws_route53_zone.sandbox",
            "module.asg.aws_autoscaling_group.k8s_asg",
            "module.asg.aws_launch_template.k8s_spot_instance",
            "module.vpc_infra.aws_security_group.private_sg",
            "module.vpc_infra.aws_security_group.public_sg",
            "module.vpc_infra.aws_subnet.private",
            "module.vpc_infra.aws_vpc.my_vpc"
          ]
        }
      ]
    },
    {
      "module": "module.asg[\"control_plane\"]",
      "mode": "managed",
      "type": "aws_autoscaling_group",
      "name": "k8s_asg",
      "provider": "provider[\"registry.terraform.io/hashicorp/aws\"]",
      "instances": [
        {
          "schema_version": 1,
          "attributes": {
            "arn": "arn:aws:autoscaling:us-east-1:953909302469:autoScalingGroup:ca50d064-a3af-472a-8b16-dd938307332b:autoScalingGroupName/control_plane",
            "availability_zone_distribution": [
              {
                "capacity_distribution_strategy": "balanced-best-effort"
              }
            ],
            "availability_zones": [
              "us-east-1a",
              "us-east-1b"
            ],
            "capacity_rebalance": false,
            "capacity_reservation_specification": [
              {
                "capacity_reservation_preference": "default",
                "capacity_reservation_target": []
              }
            ],
            "context": "",
            "default_cooldown": 300,
            "default_instance_warmup": 0,
            "desired_capacity": 1,
            "desired_capacity_type": "",
            "enabled_metrics": null,
            "force_delete": false,
            "force_delete_warm_pool": false,
            "health_check_grace_period": 300,
            "health_check_type": "EC2",
            "id": "control_plane",
            "ignore_failed_scaling_activities": false,
            "initial_lifecycle_hook": [],
            "instance_lifecycle_policy": [
              {
                "retention_triggers": [
                  {
                    "terminate_hook_abandon": "terminate"
                  }
                ]
              }
            ],
            "instance_maintenance_policy": [],
            "instance_refresh": [],
            "launch_configuration": "",
            "launch_template": [
              {
                "id": "lt-0f11d6f91f397c84a",
                "name": "k8s-node-template7fca58cd1606e393b61c5e135d",
                "version": "$Latest"
              }
            ],
            "load_balancers": [],
            "max_instance_lifetime": 0,
            "max_size": 1,
            "metrics_granularity": "1Minute",
            "min_elb_capacity": null,
            "min_size": 1,
            "mixed_instances_policy": [],
            "name": "control_plane",
            "name_prefix": "",
            "placement_group": "",
            "predicted_capacity": 0,
            "protect_from_scale_in": false,
            "region": "us-east-1",
            "service_linked_role_arn": "arn:aws:iam::953909302469:role/aws-service-role/autoscaling.amazonaws.com/AWSServiceRoleForAutoScaling",
            "suspended_processes": null,
            "tag": [],
            "target_group_arns": [],
            "termination_policies": null,
            "timeouts": null,
            "traffic_source": [],
            "vpc_zone_identifier": [
              "subnet-07154cb03170e16fe",
              "subnet-080d9ba343b9cc5c6"
            ],
            "wait_for_capacity_timeout": "10m",
            "wait_for_elb_capacity": null,
            "warm_pool": [],
            "warm_pool_size": 0
          },
          "sensitive_attributes": [],
          "identity_schema_version": 0,
          "identity": {
            "account_id": "953909302469",
            "name": "control_plane",
            "region": "us-east-1"
          },
          "private": "eyJlMmJmYjczMC1lY2FhLTExZTYtOGY4OC0zNDM2M2JjN2M0YzAiOnsiZGVsZXRlIjo2MDAwMDAwMDAwMDAsInVwZGF0ZSI6NjAwMDAwMDAwMDAwfSwic2NoZW1hX3ZlcnNpb24iOiIxIn0=",
          "dependencies": [
            "aws_iam_instance_profile.nodes_instance_profile",
            "aws_iam_role.ec2_role",
            "aws_key_pair.ssh_key",
            "module.asg.aws_launch_template.k8s_spot_instance",
            "module.vpc_infra.aws_security_group.private_sg",
            "module.vpc_infra.aws_security_group.public_sg",
            "module.vpc_infra.aws_subnet.private",
            "module.vpc_infra.aws_vpc.my_vpc"
          ]
        }
      ]
    },
    {
      "module": "module.asg[\"control_plane\"]",
      "mode": "managed",
      "type": "aws_launch_template",
      "name": "k8s_spot_instance",
      "provider": "provider[\"registry.terraform.io/hashicorp/aws\"]",
      "instances": [
        {
          "schema_version": 1,
          "attributes": {
            "arn": "arn:aws:ec2:us-east-1:953909302469:launch-template/lt-0f11d6f91f397c84a",
            "block_device_mappings": [],
            "capacity_reservation_specification": [],
            "cpu_options": [],
            "credit_specification": [],
            "default_version": 1,
            "description": "",
            "disable_api_stop": false,
            "disable_api_termination": false,
            "ebs_optimized": "",
            "enclave_options": [],
            "hibernation_options": [],
            "iam_instance_profile": [
              {
                "arn": "",
                "name": "k8s_node_instance_profile"
              }
            ],
            "id": "lt-0f11d6f91f397c84a",
            "image_id": "ami-09e973f123c32cf86",
            "instance_initiated_shutdown_behavior": "",
            "instance_market_options": [],
            "instance_requirements": [],
            "instance_type": "t3.small",
            "kernel_id": "",
            "key_name": "deployer-key",
            "latest_version": 1,
            "license_specification": [],
            "maintenance_options": [],
            "metadata_options": [],
            "monitoring": [],
            "name": "k8s-node-template7fca58cd1606e393b61c5e135d",
            "name_prefix": "k8s-node-template",
            "network_interfaces": [
              {
                "associate_carrier_ip_address": "",
                "associate_public_ip_address": "false",
                "connection_tracking_specification": [],
                "delete_on_termination": "",
                "description": "",
                "device_index": 0,
                "ena_queue_count": 0,
                "ena_srd_specification": [],
                "interface_type": "",
                "ipv4_address_count": 0,
                "ipv4_addresses": null,
                "ipv4_prefix_count": 0,
                "ipv4_prefixes": null,
                "ipv6_address_count": 0,
                "ipv6_addresses": null,
                "ipv6_prefix_count": 0,
                "ipv6_prefixes": null,
                "network_card_index": 0,
                "network_interface_id": "",
                "primary_ipv6": "",
                "private_ip_address": "",
                "security_groups": [
                  "sg-058ca43d24ea9ad17"
                ],
                "subnet_id": ""
              }
            ],
            "network_performance_options": [],
            "placement": [],
            "private_dns_name_options": [],
            "ram_disk_id": "",
            "region": "us-east-1",
            "secondary_interfaces": [],
            "security_group_names": null,
            "tag_specifications": [
              {
                "resource_type": "instance",
                "tags": {
                  "Name": "node_control_plane"
                }
              }
            ],
            "tags": null,
            "tags_all": {},
            "update_default_version": null,
            "user_data": "ZG5mIGluc3RhbGwgLXkgZ2l0IGFuc2libGUtY29yZQphbnNpYmxlLWdhbGF4eSBjb2xsZWN0aW9uIGluc3RhbGwgY29tbXVuaXR5LmdlbmVyYWwKYW5zaWJsZS1nYWxheHkgY29sbGVjdGlvbiBpbnN0YWxsIGFuc2libGUucG9zaXgKYW5zaWJsZS1wdWxsIC1VIGh0dHBzOi8vZ2l0aHViLmNvbS9yaXlhenRldmFyL2xpYnJhcnktYW5zaWJsZS1jb25maWcuZ2l0IC1lICJza2lwX3NldHVwPWZhbHNlIGNvbnRyb2xfcGxhbmU9dHJ1ZSIgPj4gL3RtcC9hbnNpYmxlLXB1bGwubG9nIDI+JjEK",
            "vpc_security_group_ids": null
          },
          "sensitive_attributes": [],
          "identity_schema_version": 0,
          "identity": {
            "account_id": "953909302469",
            "id": "lt-0f11d6f91f397c84a",
            "region": "us-east-1"
          },
          "private": "eyJzY2hlbWFfdmVyc2lvbiI6IjEifQ==",
          "dependencies": [
            "aws_iam_instance_profile.nodes_instance_profile",
            "aws_iam_role.ec2_role",
            "aws_key_pair.ssh_key",
            "module.vpc_infra.aws_security_group.private_sg",
            "module.vpc_infra.aws_security_group.public_sg",
            "module.vpc_infra.aws_vpc.my_vpc"
          ],
          "create_before_destroy": true
        }
      ]
    },
    {
      "module": "module.asg[\"data_plane\"]",
      "mode": "managed",
      "type": "aws_autoscaling_group",
      "name": "k8s_asg",
      "provider": "provider[\"registry.terraform.io/hashicorp/aws\"]",
      "instances": [
        {
          "schema_version": 1,
          "attributes": {
            "arn": "arn:aws:autoscaling:us-east-1:953909302469:autoScalingGroup:d0e77cdf-8500-41ad-a0aa-139eaa8d34e1:autoScalingGroupName/data_plane",
            "availability_zone_distribution": [
              {
                "capacity_distribution_strategy": "balanced-best-effort"
              }
            ],
            "availability_zones": [
              "us-east-1a",
              "us-east-1b"
            ],
            "capacity_rebalance": false,
            "capacity_reservation_specification": [
              {
                "capacity_reservation_preference": "default",
                "capacity_reservation_target": []
              }
            ],
            "context": "",
            "default_cooldown": 300,
            "default_instance_warmup": 0,
            "desired_capacity": 1,
            "desired_capacity_type": "",
            "enabled_metrics": null,
            "force_delete": false,
            "force_delete_warm_pool": false,
            "health_check_grace_period": 300,
            "health_check_type": "EC2",
            "id": "data_plane",
            "ignore_failed_scaling_activities": false,
            "initial_lifecycle_hook": [],
            "instance_lifecycle_policy": [
              {
                "retention_triggers": [
                  {
                    "terminate_hook_abandon": "terminate"
                  }
                ]
              }
            ],
            "instance_maintenance_policy": [],
            "instance_refresh": [],
            "launch_configuration": "",
            "launch_template": [
              {
                "id": "lt-0c243164a526ab3b1",
                "name": "k8s-node-template76b05a35dec525080d045bd44f",
                "version": "$Latest"
              }
            ],
            "load_balancers": [],
            "max_instance_lifetime": 0,
            "max_size": 2,
            "metrics_granularity": "1Minute",
            "min_elb_capacity": null,
            "min_size": 1,
            "mixed_instances_policy": [],
            "name": "data_plane",
            "name_prefix": "",
            "placement_group": "",
            "predicted_capacity": 0,
            "protect_from_scale_in": false,
            "region": "us-east-1",
            "service_linked_role_arn": "arn:aws:iam::953909302469:role/aws-service-role/autoscaling.amazonaws.com/AWSServiceRoleForAutoScaling",
            "suspended_processes": null,
            "tag": [],
            "target_group_arns": [],
            "termination_policies": null,
            "timeouts": null,
            "traffic_source": [],
            "vpc_zone_identifier": [
              "subnet-07154cb03170e16fe",
              "subnet-080d9ba343b9cc5c6"
            ],
            "wait_for_capacity_timeout": "10m",
            "wait_for_elb_capacity": null,
            "warm_pool": [],
            "warm_pool_size": 0
          },
          "sensitive_attributes": [],
          "identity_schema_version": 0,
          "identity": {
            "account_id": "953909302469",
            "name": "data_plane",
            "region": "us-east-1"
          },
          "private": "eyJlMmJmYjczMC1lY2FhLTExZTYtOGY4OC0zNDM2M2JjN2M0YzAiOnsiZGVsZXRlIjo2MDAwMDAwMDAwMDAsInVwZGF0ZSI6NjAwMDAwMDAwMDAwfSwic2NoZW1hX3ZlcnNpb24iOiIxIn0=",
          "dependencies": [
            "aws_iam_instance_profile.nodes_instance_profile",
            "aws_iam_role.ec2_role",
            "aws_key_pair.ssh_key",
            "module.asg.aws_launch_template.k8s_spot_instance",
            "module.vpc_infra.aws_security_group.private_sg",
            "module.vpc_infra.aws_security_group.public_sg",
            "module.vpc_infra.aws_subnet.private",
            "module.vpc_infra.aws_vpc.my_vpc"
          ]
        }
      ]
    },
    {
      "module": "module.asg[\"data_plane\"]",
      "mode": "managed",
      "type": "aws_launch_template",
      "name": "k8s_spot_instance",
      "provider": "provider[\"registry.terraform.io/hashicorp/aws\"]",
      "instances": [
        {
          "schema_version": 1,
          "attributes": {
            "arn": "arn:aws:ec2:us-east-1:953909302469:launch-template/lt-0c243164a526ab3b1",
            "block_device_mappings": [],
            "capacity_reservation_specification": [],
            "cpu_options": [],
            "credit_specification": [],
            "default_version": 1,
            "description": "",
            "disable_api_stop": false,
            "disable_api_termination": false,
            "ebs_optimized": "",
            "enclave_options": [],
            "hibernation_options": [],
            "iam_instance_profile": [
              {
                "arn": "",
                "name": "k8s_node_instance_profile"
              }
            ],
            "id": "lt-0c243164a526ab3b1",
            "image_id": "ami-09e973f123c32cf86",
            "instance_initiated_shutdown_behavior": "",
            "instance_market_options": [],
            "instance_requirements": [],
            "instance_type": "t3.small",
            "kernel_id": "",
            "key_name": "deployer-key",
            "latest_version": 1,
            "license_specification": [],
            "maintenance_options": [],
            "metadata_options": [],
            "monitoring": [],
            "name": "k8s-node-template76b05a35dec525080d045bd44f",
            "name_prefix": "k8s-node-template",
            "network_interfaces": [
              {
                "associate_carrier_ip_address": "",
                "associate_public_ip_address": "false",
                "connection_tracking_specification": [],
                "delete_on_termination": "",
                "description": "",
                "device_index": 0,
                "ena_queue_count": 0,
                "ena_srd_specification": [],
                "interface_type": "",
                "ipv4_address_count": 0,
                "ipv4_addresses": null,
                "ipv4_prefix_count": 0,
                "ipv4_prefixes": null,
                "ipv6_address_count": 0,
                "ipv6_addresses": null,
                "ipv6_prefix_count": 0,
                "ipv6_prefixes": null,
                "network_card_index": 0,
                "network_interface_id": "",
                "primary_ipv6": "",
                "private_ip_address": "",
                "security_groups": [
                  "sg-058ca43d24ea9ad17"
                ],
                "subnet_id": ""
              }
            ],
            "network_performance_options": [],
            "placement": [],
            "private_dns_name_options": [],
            "ram_disk_id": "",
            "region": "us-east-1",
            "secondary_interfaces": [],
            "security_group_names": null,
            "tag_specifications": [
              {
                "resource_type": "instance",
                "tags": {
                  "Name": "node_data_plane"
                }
              }
            ],
            "tags": null,
            "tags_all": {},
            "update_default_version": null,
            "user_data": "ZG5mIGluc3RhbGwgLXkgZ2l0IGFuc2libGUtY29yZQphbnNpYmxlLWdhbGF4eSBjb2xsZWN0aW9uIGluc3RhbGwgY29tbXVuaXR5LmdlbmVyYWwKYW5zaWJsZS1nYWxheHkgY29sbGVjdGlvbiBpbnN0YWxsIGFuc2libGUucG9zaXgKYW5zaWJsZS1wdWxsIC1VIGh0dHBzOi8vZ2l0aHViLmNvbS9yaXlhenRldmFyL2xpYnJhcnktYW5zaWJsZS1jb25maWcuZ2l0IC1lICJza2lwX3NldHVwPWZhbHNlIGNvbnRyb2xfcGxhbmU9dHJ1ZSIgPj4gL3RtcC9hbnNpYmxlLXB1bGwubG9nIDI+JjEK",
            "vpc_security_group_ids": null
          },
          "sensitive_attributes": [],
          "identity_schema_version": 0,
          "identity": {
            "account_id": "953909302469",
            "id": "lt-0c243164a526ab3b1",
            "region": "us-east-1"
          },
          "private": "eyJzY2hlbWFfdmVyc2lvbiI6IjEifQ==",
          "dependencies": [
            "aws_iam_instance_profile.nodes_instance_profile",
            "aws_iam_role.ec2_role",
            "aws_key_pair.ssh_key",
            "module.vpc_infra.aws_security_group.private_sg",
            "module.vpc_infra.aws_security_group.public_sg",
            "module.vpc_infra.aws_vpc.my_vpc"
          ],
          "create_before_destroy": true
        }
      ]
    },
    {
      "module": "module.bastion",
      "mode": "managed",
      "type": "aws_instance",
      "name": "spot_ec2",
      "provider": "provider[\"registry.terraform.io/hashicorp/aws\"]",
      "instances": [
        {
          "schema_version": 2,
          "attributes": {
            "ami": "ami-09e973f123c32cf86",
            "arn": "arn:aws:ec2:us-east-1:953909302469:instance/i-0abe66824d8acc3ee",
            "associate_public_ip_address": true,
            "availability_zone": "us-east-1a",
            "capacity_reservation_specification": [
              {
                "capacity_reservation_preference": "open",
                "capacity_reservation_target": []
              }
            ],
            "cpu_options": [
              {
                "amd_sev_snp": "",
                "core_count": 1,
                "nested_virtualization": "",
                "threads_per_core": 2
              }
            ],
            "credit_specification": [
              {
                "cpu_credits": "unlimited"
              }
            ],
            "disable_api_stop": false,
            "disable_api_termination": false,
            "ebs_block_device": [],
            "ebs_optimized": false,
            "enable_primary_ipv6": null,
            "enclave_options": [
              {
                "enabled": false
              }
            ],
            "ephemeral_block_device": [],
            "force_destroy": false,
            "get_password_data": false,
            "hibernation": false,
            "host_id": "",
            "host_resource_group_arn": null,
            "iam_instance_profile": "",
            "id": "i-0abe66824d8acc3ee",
            "instance_initiated_shutdown_behavior": "terminate",
            "instance_lifecycle": "spot",
            "instance_market_options": [
              {
                "market_type": "spot",
                "spot_options": [
                  {
                    "instance_interruption_behavior": "terminate",
                    "max_price": "0.039200",
                    "spot_instance_type": "one-time",
                    "valid_until": ""
                  }
                ]
              }
            ],
            "instance_state": "running",
            "instance_type": "t3.micro",
            "ipv6_address_count": 0,
            "ipv6_addresses": [],
            "key_name": "deployer-key",
            "launch_template": [],
            "maintenance_options": [
              {
                "auto_recovery": "default"
              }
            ],
            "metadata_options": [
              {
                "http_endpoint": "enabled",
                "http_protocol_ipv6": "disabled",
                "http_put_response_hop_limit": 1,
                "http_tokens": "optional",
                "instance_metadata_tags": "disabled"
              }
            ],
            "monitoring": false,
            "network_interface": [],
            "outpost_arn": "",
            "password_data": "",
            "placement_group": "",
            "placement_group_id": "",
            "placement_partition_number": 0,
            "primary_network_interface": [
              {
                "delete_on_termination": true,
                "network_interface_id": "eni-00ca2586fe1d67166"
              }
            ],
            "primary_network_interface_id": "eni-00ca2586fe1d67166",
            "private_dns": "ip-10-0-0-93.ec2.internal",
            "private_dns_name_options": [
              {
                "enable_resource_name_dns_a_record": false,
                "enable_resource_name_dns_aaaa_record": false,
                "hostname_type": "ip-name"
              }
            ],
            "private_ip": "10.0.0.93",
            "public_dns": "",
            "public_ip": "13.220.45.9",
            "region": "us-east-1",
            "root_block_device": [
              {
                "delete_on_termination": true,
                "device_name": "/dev/sda1",
                "encrypted": false,
                "iops": 3000,
                "kms_key_id": "",
                "tags": null,
                "tags_all": {},
                "throughput": 125,
                "volume_id": "vol-05711c30e6e874295",
                "volume_size": 20,
                "volume_type": "gp3"
              }
            ],
            "secondary_network_interface": [],
            "secondary_private_ips": [],
            "security_groups": [],
            "source_dest_check": true,
            "spot_instance_request_id": "sir-fsbzg2np",
            "subnet_id": "subnet-086c383721ec63fdc",
            "tags": {
              "Name": "bastion-box"
            },
            "tags_all": {
              "Name": "bastion-box"
            },
            "tenancy": "default",
            "timeouts": null,
            "user_data": null,
            "user_data_base64": "IyEvYmluL2Jhc2gKCnN1ZG8gZmFsbG9jYXRlIC1sIDJHIC9zd2FwZmlsZQpzdWRvIGNobW9kIDYwMCAvc3dhcGZpbGUKc3VkbyBta3N3YXAgL3N3YXBmaWxlCnN1ZG8gc3dhcG9uIC9zd2FwZmlsZQoKY2F0IDw8IEVPRiA+PiAvaG9tZS9lYzItdXNlci8uc3NoL2NvbmZpZwpIb3N0ICoKICBTdHJpY3RIb3N0S2V5Q2hlY2tpbmcgbm8KRU9GCgpzdWRvIHl1bSBpbnN0YWxsIC15IGF3c2NsaQphd3Mgc2VjcmV0c21hbmFnZXIgZ2V0LXNlY3JldC12YWx1ZSAtLXNlY3JldC1pZCBub2RlX3JzYV9rZXkgLS1xdWVyeSBTZWNyZXRTdHJpbmcgLS1vdXRwdXQgdGV4dCB8IGpxIC1yICcubm9kZXNfcnNhX2tleScgPiB+Ly5zc2gvaWRfcnNhCgo=",
            "user_data_replace_on_change": false,
            "volume_tags": null,
            "vpc_security_group_ids": [
              "sg-01dba19451e83d2e1"
            ]
          },
          "sensitive_attributes": [],
          "identity_schema_version": 0,
          "identity": {
            "account_id": "953909302469",
            "id": "i-0abe66824d8acc3ee",
            "region": "us-east-1"
          },
          "private": "eyJlMmJmYjczMC1lY2FhLTExZTYtOGY4OC0zNDM2M2JjN2M0YzAiOnsiY3JlYXRlIjo2MDAwMDAwMDAwMDAsImRlbGV0ZSI6MTIwMDAwMDAwMDAwMCwicmVhZCI6OTAwMDAwMDAwMDAwLCJ1cGRhdGUiOjYwMDAwMDAwMDAwMH0sInNjaGVtYV92ZXJzaW9uIjoiMiJ9",
          "dependencies": [
            "aws_key_pair.ssh_key",
            "module.vpc_infra.aws_security_group.public_sg",
            "module.vpc_infra.aws_subnet.public",
            "module.vpc_infra.aws_vpc.my_vpc"
          ]
        }
      ]
    },
    {
      "module": "module.vpc_infra",
      "mode": "managed",
      "type": "aws_eip",
      "name": "eip",
      "provider": "provider[\"registry.terraform.io/hashicorp/aws\"]",
      "instances": [
        {
          "index_key": 0,
          "schema_version": 0,
          "attributes": {
            "address": null,
            "allocation_id": "eipalloc-019281a97a5ba2819",
            "arn": "arn:aws:ec2:us-east-1:953909302469:elastic-ip/eipalloc-019281a97a5ba2819",
            "associate_with_private_ip": null,
            "association_id": "",
            "carrier_ip": "",
            "customer_owned_ip": "",
            "customer_owned_ipv4_pool": "",
            "domain": "vpc",
            "id": "eipalloc-019281a97a5ba2819",
            "instance": "",
            "ipam_pool_id": "",
            "network_border_group": "us-east-1",
            "network_interface": "",
            "private_dns": "",
            "private_ip": "",
            "ptr_record": "",
            "public_dns": "ec2-23-22-244-109.compute-1.amazonaws.com",
            "public_ip": "23.22.244.109",
            "public_ipv4_pool": "amazon",
            "region": "us-east-1",
            "tags": null,
            "tags_all": {},
            "timeouts": null
          },
          "sensitive_attributes": [],
          "identity_schema_version": 0,
          "identity": {
            "account_id": "953909302469",
            "id": "eipalloc-019281a97a5ba2819",
            "region": "us-east-1"
          },
          "private": "eyJlMmJmYjczMC1lY2FhLTExZTYtOGY4OC0zNDM2M2JjN2M0YzAiOnsiZGVsZXRlIjoxODAwMDAwMDAwMDAsInJlYWQiOjkwMDAwMDAwMDAwMCwidXBkYXRlIjozMDAwMDAwMDAwMDB9fQ==",
          "dependencies": [
            "module.vpc_infra.aws_internet_gateway.igw",
            "module.vpc_infra.aws_vpc.my_vpc"
          ]
        },
        {
          "index_key": 1,
          "schema_version": 0,
          "attributes": {
            "address": null,
            "allocation_id": "eipalloc-027a6f38802656591",
            "arn": "arn:aws:ec2:us-east-1:953909302469:elastic-ip/eipalloc-027a6f38802656591",
            "associate_with_private_ip": null,
            "association_id": "",
            "carrier_ip": "",
            "customer_owned_ip": "",
            "customer_owned_ipv4_pool": "",
            "domain": "vpc",
            "id": "eipalloc-027a6f38802656591",
            "instance": "",
            "ipam_pool_id": "",
            "network_border_group": "us-east-1",
            "network_interface": "",
            "private_dns": "",
            "private_ip": "",
            "ptr_record": "",
            "public_dns": "ec2-54-225-153-188.compute-1.amazonaws.com",
            "public_ip": "54.225.153.188",
            "public_ipv4_pool": "amazon",
            "region": "us-east-1",
            "tags": null,
            "tags_all": {},
            "timeouts": null
          },
          "sensitive_attributes": [],
          "identity_schema_version": 0,
          "identity": {
            "account_id": "953909302469",
            "id": "eipalloc-027a6f38802656591",
            "region": "us-east-1"
          },
          "private": "eyJlMmJmYjczMC1lY2FhLTExZTYtOGY4OC0zNDM2M2JjN2M0YzAiOnsiZGVsZXRlIjoxODAwMDAwMDAwMDAsInJlYWQiOjkwMDAwMDAwMDAwMCwidXBkYXRlIjozMDAwMDAwMDAwMDB9fQ==",
          "dependencies": [
            "module.vpc_infra.aws_internet_gateway.igw",
            "module.vpc_infra.aws_vpc.my_vpc"
          ]
        }
      ]
    },
    {
      "module": "module.vpc_infra",
      "mode": "managed",
      "type": "aws_internet_gateway",
      "name": "igw",
      "provider": "provider[\"registry.terraform.io/hashicorp/aws\"]",
      "instances": [
        {
          "schema_version": 0,
          "attributes": {
            "arn": "arn:aws:ec2:us-east-1:953909302469:internet-gateway/igw-04816db43d64acf8a",
            "id": "igw-04816db43d64acf8a",
            "owner_id": "953909302469",
            "region": "us-east-1",
            "tags": {
              "App": "my_vpc_project"
            },
            "tags_all": {
              "App": "my_vpc_project"
            },
            "timeouts": null,
            "vpc_id": "vpc-044fb45d85b64b7ac"
          },
          "sensitive_attributes": [],
          "identity_schema_version": 0,
          "identity": {
            "account_id": "953909302469",
            "id": "igw-04816db43d64acf8a",
            "region": "us-east-1"
          },
          "private": "eyJlMmJmYjczMC1lY2FhLTExZTYtOGY4OC0zNDM2M2JjN2M0YzAiOnsiY3JlYXRlIjoxMjAwMDAwMDAwMDAwLCJkZWxldGUiOjEyMDAwMDAwMDAwMDAsInVwZGF0ZSI6MTIwMDAwMDAwMDAwMH19",
          "dependencies": [
            "module.vpc_infra.aws_vpc.my_vpc"
          ]
        }
      ]
    },
    {
      "module": "module.vpc_infra",
      "mode": "managed",
      "type": "aws_nat_gateway",
      "name": "nat",
      "provider": "provider[\"registry.terraform.io/hashicorp/aws\"]",
      "instances": [
        {
          "index_key": 0,
          "schema_version": 0,
          "attributes": {
            "allocation_id": "eipalloc-019281a97a5ba2819",
            "association_id": "eipassoc-0a7e85b2e5ea3788c",
            "auto_provision_zones": null,
            "auto_scaling_ips": null,
            "availability_mode": "zonal",
            "availability_zone_address": [],
            "connectivity_type": "public",
            "id": "nat-0bd49a7bad0bae4b9",
            "network_interface_id": "eni-0a864458ca3b79bfe",
            "private_ip": "10.0.0.233",
            "public_ip": "23.22.244.109",
            "region": "us-east-1",
            "regional_nat_gateway_address": [],
            "regional_nat_gateway_auto_mode": null,
            "route_table_id": null,
            "secondary_allocation_ids": [],
            "secondary_private_ip_address_count": 0,
            "secondary_private_ip_addresses": [],
            "subnet_id": "subnet-086c383721ec63fdc",
            "tags": {
              "App": "my_vpc_project",
              "Name": "nat-us-east-1a"
            },
            "tags_all": {
              "App": "my_vpc_project",
              "Name": "nat-us-east-1a"
            },
            "timeouts": null,
            "vpc_id": "vpc-044fb45d85b64b7ac"
          },
          "sensitive_attributes": [],
          "identity_schema_version": 0,
          "identity": {
            "account_id": "953909302469",
            "id": "nat-0bd49a7bad0bae4b9",
            "region": "us-east-1"
          },
          "private": "eyJlMmJmYjczMC1lY2FhLTExZTYtOGY4OC0zNDM2M2JjN2M0YzAiOnsiY3JlYXRlIjo2MDAwMDAwMDAwMDAsImRlbGV0ZSI6MTgwMDAwMDAwMDAwMCwidXBkYXRlIjo2MDAwMDAwMDAwMDB9fQ==",
          "dependencies": [
            "module.vpc_infra.aws_eip.eip",
            "module.vpc_infra.aws_internet_gateway.igw",
            "module.vpc_infra.aws_subnet.public",
            "module.vpc_infra.aws_vpc.my_vpc"
          ]
        },
        {
          "index_key": 1,
          "schema_version": 0,
          "attributes": {
            "allocation_id": "eipalloc-027a6f38802656591",
            "association_id": "eipassoc-0ea945e0067a7c78a",
            "auto_provision_zones": null,
            "auto_scaling_ips": null,
            "availability_mode": "zonal",
            "availability_zone_address": [],
            "connectivity_type": "public",
            "id": "nat-04e24f48515613ca3",
            "network_interface_id": "eni-08472b1a17eef2b0b",
            "private_ip": "10.0.1.12",
            "public_ip": "54.225.153.188",
            "region": "us-east-1",
            "regional_nat_gateway_address": [],
            "regional_nat_gateway_auto_mode": null,
            "route_table_id": null,
            "secondary_allocation_ids": [],
            "secondary_private_ip_address_count": 0,
            "secondary_private_ip_addresses": [],
            "subnet_id": "subnet-0de0dfa6890c3eb8e",
            "tags": {
              "App": "my_vpc_project",
              "Name": "nat-us-east-1b"
            },
            "tags_all": {
              "App": "my_vpc_project",
              "Name": "nat-us-east-1b"
            },
            "timeouts": null,
            "vpc_id": "vpc-044fb45d85b64b7ac"
          },
          "sensitive_attributes": [],
          "identity_schema_version": 0,
          "identity": {
            "account_id": "953909302469",
            "id": "nat-04e24f48515613ca3",
            "region": "us-east-1"
          },
          "private": "eyJlMmJmYjczMC1lY2FhLTExZTYtOGY4OC0zNDM2M2JjN2M0YzAiOnsiY3JlYXRlIjo2MDAwMDAwMDAwMDAsImRlbGV0ZSI6MTgwMDAwMDAwMDAwMCwidXBkYXRlIjo2MDAwMDAwMDAwMDB9fQ==",
          "dependencies": [
            "module.vpc_infra.aws_eip.eip",
            "module.vpc_infra.aws_internet_gateway.igw",
            "module.vpc_infra.aws_subnet.public",
            "module.vpc_infra.aws_vpc.my_vpc"
          ]
        }
      ]
    },
    {
      "module": "module.vpc_infra",
      "mode": "managed",
      "type": "aws_network_acl",
      "name": "priv_nacl",
      "provider": "provider[\"registry.terraform.io/hashicorp/aws\"]",
      "instances": [
        {
          "schema_version": 0,
          "attributes": {
            "arn": "arn:aws:ec2:us-east-1:953909302469:network-acl/acl-05d0dc06f9c66ebd7",
            "egress": [
              {
                "action": "allow",
                "cidr_block": "0.0.0.0/0",
                "from_port": 0,
                "icmp_code": null,
                "icmp_type": null,
                "ipv6_cidr_block": "",
                "protocol": "-1",
                "rule_no": 100,
                "to_port": 0
              }
            ],
            "id": "acl-05d0dc06f9c66ebd7",
            "ingress": [
              {
                "action": "allow",
                "cidr_block": "0.0.0.0/0",
                "from_port": 1024,
                "icmp_code": null,
                "icmp_type": null,
                "ipv6_cidr_block": "",
                "protocol": "tcp",
                "rule_no": 400,
                "to_port": 65535
              },
              {
                "action": "allow",
                "cidr_block": "10.0.0.0/16",
                "from_port": 22,
                "icmp_code": null,
                "icmp_type": null,
                "ipv6_cidr_block": "",
                "protocol": "tcp",
                "rule_no": 100,
                "to_port": 22
              },
              {
                "action": "allow",
                "cidr_block": "10.0.0.0/16",
                "from_port": 8080,
                "icmp_code": null,
                "icmp_type": null,
                "ipv6_cidr_block": "",
                "protocol": "tcp",
                "rule_no": 300,
                "to_port": 8080
              },
              {
                "action": "allow",
                "cidr_block": "10.0.0.0/16",
                "from_port": 80,
                "icmp_code": null,
                "icmp_type": null,
                "ipv6_cidr_block": "",
                "protocol": "tcp",
                "rule_no": 200,
                "to_port": 80
              }
            ],
            "owner_id": "953909302469",
            "region": "us-east-1",
            "subnet_ids": [
              "subnet-07154cb03170e16fe",
              "subnet-080d9ba343b9cc5c6"
            ],
            "tags": null,
            "tags_all": {},
            "vpc_id": "vpc-044fb45d85b64b7ac"
          },
          "sensitive_attributes": [],
          "identity_schema_version": 0,
          "private": "bnVsbA==",
          "dependencies": [
            "module.vpc_infra.aws_subnet.private",
            "module.vpc_infra.aws_vpc.my_vpc"
          ]
        }
      ]
    },
    {
      "module": "module.vpc_infra",
      "mode": "managed",
      "type": "aws_network_acl",
      "name": "pub_nacl",
      "provider": "provider[\"registry.terraform.io/hashicorp/aws\"]",
      "instances": [
        {
          "schema_version": 0,
          "attributes": {
            "arn": "arn:aws:ec2:us-east-1:953909302469:network-acl/acl-0efeb385440a43c74",
            "egress": [
              {
                "action": "allow",
                "cidr_block": "0.0.0.0/0",
                "from_port": 0,
                "icmp_code": null,
                "icmp_type": null,
                "ipv6_cidr_block": "",
                "protocol": "-1",
                "rule_no": 100,
                "to_port": 0
              }
            ],
            "id": "acl-0efeb385440a43c74",
            "ingress": [
              {
                "action": "allow",
                "cidr_block": "0.0.0.0/0",
                "from_port": 1024,
                "icmp_code": null,
                "icmp_type": null,
                "ipv6_cidr_block": "",
                "protocol": "tcp",
                "rule_no": 500,
                "to_port": 65535
              },
              {
                "action": "allow",
                "cidr_block": "0.0.0.0/0",
                "from_port": 22,
                "icmp_code": null,
                "icmp_type": null,
                "ipv6_cidr_block": "",
                "protocol": "tcp",
                "rule_no": 400,
                "to_port": 22
              },
              {
                "action": "allow",
                "cidr_block": "0.0.0.0/0",
                "from_port": 443,
                "icmp_code": null,
                "icmp_type": null,
                "ipv6_cidr_block": "",
                "protocol": "tcp",
                "rule_no": 200,
                "to_port": 443
              },
              {
                "action": "allow",
                "cidr_block": "0.0.0.0/0",
                "from_port": 8080,
                "icmp_code": null,
                "icmp_type": null,
                "ipv6_cidr_block": "",
                "protocol": "tcp",
                "rule_no": 300,
                "to_port": 8080
              },
              {
                "action": "allow",
                "cidr_block": "0.0.0.0/0",
                "from_port": 80,
                "icmp_code": null,
                "icmp_type": null,
                "ipv6_cidr_block": "",
                "protocol": "tcp",
                "rule_no": 100,
                "to_port": 80
              }
            ],
            "owner_id": "953909302469",
            "region": "us-east-1",
            "subnet_ids": [
              "subnet-086c383721ec63fdc",
              "subnet-0de0dfa6890c3eb8e"
            ],
            "tags": null,
            "tags_all": {},
            "vpc_id": "vpc-044fb45d85b64b7ac"
          },
          "sensitive_attributes": [],
          "identity_schema_version": 0,
          "private": "bnVsbA==",
          "dependencies": [
            "module.vpc_infra.aws_subnet.public",
            "module.vpc_infra.aws_vpc.my_vpc"
          ]
        }
      ]
    },
    {
      "module": "module.vpc_infra",
      "mode": "managed",
      "type": "aws_route_table",
      "name": "priv_rt",
      "provider": "provider[\"registry.terraform.io/hashicorp/aws\"]",
      "instances": [
        {
          "index_key": 0,
          "schema_version": 0,
          "attributes": {
            "arn": "arn:aws:ec2:us-east-1:953909302469:route-table/rtb-0b10f8e28158f3016",
            "id": "rtb-0b10f8e28158f3016",
            "owner_id": "953909302469",
            "propagating_vgws": [],
            "region": "us-east-1",
            "route": [
              {
                "carrier_gateway_id": "",
                "cidr_block": "0.0.0.0/0",
                "core_network_arn": "",
                "destination_prefix_list_id": "",
                "egress_only_gateway_id": "",
                "gateway_id": "nat-0bd49a7bad0bae4b9",
                "ipv6_cidr_block": "",
                "local_gateway_id": "",
                "nat_gateway_id": "",
                "network_interface_id": "",
                "odb_network_arn": "",
                "transit_gateway_id": "",
                "vpc_endpoint_id": "",
                "vpc_peering_connection_id": ""
              }
            ],
            "tags": null,
            "tags_all": {},
            "timeouts": null,
            "vpc_id": "vpc-044fb45d85b64b7ac"
          },
          "sensitive_attributes": [],
          "identity_schema_version": 0,
          "identity": {
            "account_id": "953909302469",
            "id": "rtb-0b10f8e28158f3016",
            "region": "us-east-1"
          },
          "private": "eyJlMmJmYjczMC1lY2FhLTExZTYtOGY4OC0zNDM2M2JjN2M0YzAiOnsiY3JlYXRlIjozMDAwMDAwMDAwMDAsImRlbGV0ZSI6MzAwMDAwMDAwMDAwLCJ1cGRhdGUiOjEyMDAwMDAwMDAwMH19",
          "dependencies": [
            "module.vpc_infra.aws_eip.eip",
            "module.vpc_infra.aws_internet_gateway.igw",
            "module.vpc_infra.aws_nat_gateway.nat",
            "module.vpc_infra.aws_subnet.public",
            "module.vpc_infra.aws_vpc.my_vpc"
          ]
        },
        {
          "index_key": 1,
          "schema_version": 0,
          "attributes": {
            "arn": "arn:aws:ec2:us-east-1:953909302469:route-table/rtb-09c0908b4de74f374",
            "id": "rtb-09c0908b4de74f374",
            "owner_id": "953909302469",
            "propagating_vgws": [],
            "region": "us-east-1",
            "route": [
              {
                "carrier_gateway_id": "",
                "cidr_block": "0.0.0.0/0",
                "core_network_arn": "",
                "destination_prefix_list_id": "",
                "egress_only_gateway_id": "",
                "gateway_id": "nat-04e24f48515613ca3",
                "ipv6_cidr_block": "",
                "local_gateway_id": "",
                "nat_gateway_id": "",
                "network_interface_id": "",
                "odb_network_arn": "",
                "transit_gateway_id": "",
                "vpc_endpoint_id": "",
                "vpc_peering_connection_id": ""
              }
            ],
            "tags": null,
            "tags_all": {},
            "timeouts": null,
            "vpc_id": "vpc-044fb45d85b64b7ac"
          },
          "sensitive_attributes": [],
          "identity_schema_version": 0,
          "identity": {
            "account_id": "953909302469",
            "id": "rtb-09c0908b4de74f374",
            "region": "us-east-1"
          },
          "private": "eyJlMmJmYjczMC1lY2FhLTExZTYtOGY4OC0zNDM2M2JjN2M0YzAiOnsiY3JlYXRlIjozMDAwMDAwMDAwMDAsImRlbGV0ZSI6MzAwMDAwMDAwMDAwLCJ1cGRhdGUiOjEyMDAwMDAwMDAwMH19",
          "dependencies": [
            "module.vpc_infra.aws_eip.eip",
            "module.vpc_infra.aws_internet_gateway.igw",
            "module.vpc_infra.aws_nat_gateway.nat",
            "module.vpc_infra.aws_subnet.public",
            "module.vpc_infra.aws_vpc.my_vpc"
          ]
        }
      ]
    },
    {
      "module": "module.vpc_infra",
      "mode": "managed",
      "type": "aws_route_table",
      "name": "public_rt",
      "provider": "provider[\"registry.terraform.io/hashicorp/aws\"]",
      "instances": [
        {
          "schema_version": 0,
          "attributes": {
            "arn": "arn:aws:ec2:us-east-1:953909302469:route-table/rtb-0d93c2fd4ad7fec20",
            "id": "rtb-0d93c2fd4ad7fec20",
            "owner_id": "953909302469",
            "propagating_vgws": [],
            "region": "us-east-1",
            "route": [
              {
                "carrier_gateway_id": "",
                "cidr_block": "0.0.0.0/0",
                "core_network_arn": "",
                "destination_prefix_list_id": "",
                "egress_only_gateway_id": "",
                "gateway_id": "igw-04816db43d64acf8a",
                "ipv6_cidr_block": "",
                "local_gateway_id": "",
                "nat_gateway_id": "",
                "network_interface_id": "",
                "odb_network_arn": "",
                "transit_gateway_id": "",
                "vpc_endpoint_id": "",
                "vpc_peering_connection_id": ""
              }
            ],
            "tags": null,
            "tags_all": {},
            "timeouts": null,
            "vpc_id": "vpc-044fb45d85b64b7ac"
          },
          "sensitive_attributes": [],
          "identity_schema_version": 0,
          "identity": {
            "account_id": "953909302469",
            "id": "rtb-0d93c2fd4ad7fec20",
            "region": "us-east-1"
          },
          "private": "eyJlMmJmYjczMC1lY2FhLTExZTYtOGY4OC0zNDM2M2JjN2M0YzAiOnsiY3JlYXRlIjozMDAwMDAwMDAwMDAsImRlbGV0ZSI6MzAwMDAwMDAwMDAwLCJ1cGRhdGUiOjEyMDAwMDAwMDAwMH19",
          "dependencies": [
            "module.vpc_infra.aws_internet_gateway.igw",
            "module.vpc_infra.aws_vpc.my_vpc"
          ]
        }
      ]
    },
    {
      "module": "module.vpc_infra",
      "mode": "managed",
      "type": "aws_route_table_association",
      "name": "priv_rt_assoc",
      "provider": "provider[\"registry.terraform.io/hashicorp/aws\"]",
      "instances": [
        {
          "index_key": 0,
          "schema_version": 0,
          "attributes": {
            "gateway_id": "",
            "id": "rtbassoc-0057be665c3ba94d3",
            "region": "us-east-1",
            "route_table_id": "rtb-0b10f8e28158f3016",
            "subnet_id": "subnet-07154cb03170e16fe",
            "timeouts": null
          },
          "sensitive_attributes": [],
          "identity_schema_version": 0,
          "identity": {
            "account_id": "953909302469",
            "id": "rtbassoc-0057be665c3ba94d3",
            "region": "us-east-1"
          },
          "private": "eyJlMmJmYjczMC1lY2FhLTExZTYtOGY4OC0zNDM2M2JjN2M0YzAiOnsiY3JlYXRlIjozMDAwMDAwMDAwMDAsImRlbGV0ZSI6MzAwMDAwMDAwMDAwLCJ1cGRhdGUiOjEyMDAwMDAwMDAwMH19",
          "dependencies": [
            "module.vpc_infra.aws_eip.eip",
            "module.vpc_infra.aws_internet_gateway.igw",
            "module.vpc_infra.aws_nat_gateway.nat",
            "module.vpc_infra.aws_route_table.priv_rt",
            "module.vpc_infra.aws_subnet.private",
            "module.vpc_infra.aws_subnet.public",
            "module.vpc_infra.aws_vpc.my_vpc"
          ]
        },
        {
          "index_key": 1,
          "schema_version": 0,
          "attributes": {
            "gateway_id": "",
            "id": "rtbassoc-0c56a6eae0a17a516",
            "region": "us-east-1",
            "route_table_id": "rtb-09c0908b4de74f374",
            "subnet_id": "subnet-080d9ba343b9cc5c6",
            "timeouts": null
          },
          "sensitive_attributes": [],
          "identity_schema_version": 0,
          "identity": {
            "account_id": "953909302469",
            "id": "rtbassoc-0c56a6eae0a17a516",
            "region": "us-east-1"
          },
          "private": "eyJlMmJmYjczMC1lY2FhLTExZTYtOGY4OC0zNDM2M2JjN2M0YzAiOnsiY3JlYXRlIjozMDAwMDAwMDAwMDAsImRlbGV0ZSI6MzAwMDAwMDAwMDAwLCJ1cGRhdGUiOjEyMDAwMDAwMDAwMH19",
          "dependencies": [
            "module.vpc_infra.aws_eip.eip",
            "module.vpc_infra.aws_internet_gateway.igw",
            "module.vpc_infra.aws_nat_gateway.nat",
            "module.vpc_infra.aws_route_table.priv_rt",
            "module.vpc_infra.aws_subnet.private",
            "module.vpc_infra.aws_subnet.public",
            "module.vpc_infra.aws_vpc.my_vpc"
          ]
        }
      ]
    },
    {
      "module": "module.vpc_infra",
      "mode": "managed",
      "type": "aws_route_table_association",
      "name": "pub_rt_assoc",
      "provider": "provider[\"registry.terraform.io/hashicorp/aws\"]",
      "instances": [
        {
          "index_key": 0,
          "schema_version": 0,
          "attributes": {
            "gateway_id": "",
            "id": "rtbassoc-049d6e49e8b39189f",
            "region": "us-east-1",
            "route_table_id": "rtb-0d93c2fd4ad7fec20",
            "subnet_id": "subnet-086c383721ec63fdc",
            "timeouts": null
          },
          "sensitive_attributes": [],
          "identity_schema_version": 0,
          "identity": {
            "account_id": "953909302469",
            "id": "rtbassoc-049d6e49e8b39189f",
            "region": "us-east-1"
          },
          "private": "eyJlMmJmYjczMC1lY2FhLTExZTYtOGY4OC0zNDM2M2JjN2M0YzAiOnsiY3JlYXRlIjozMDAwMDAwMDAwMDAsImRlbGV0ZSI6MzAwMDAwMDAwMDAwLCJ1cGRhdGUiOjEyMDAwMDAwMDAwMH19",
          "dependencies": [
            "module.vpc_infra.aws_internet_gateway.igw",
            "module.vpc_infra.aws_route_table.public_rt",
            "module.vpc_infra.aws_subnet.public",
            "module.vpc_infra.aws_vpc.my_vpc"
          ]
        },
        {
          "index_key": 1,
          "schema_version": 0,
          "attributes": {
            "gateway_id": "",
            "id": "rtbassoc-05b9f6e5ec0817516",
            "region": "us-east-1",
            "route_table_id": "rtb-0d93c2fd4ad7fec20",
            "subnet_id": "subnet-0de0dfa6890c3eb8e",
            "timeouts": null
          },
          "sensitive_attributes": [],
          "identity_schema_version": 0,
          "identity": {
            "account_id": "953909302469",
            "id": "rtbassoc-05b9f6e5ec0817516",
            "region": "us-east-1"
          },
          "private": "eyJlMmJmYjczMC1lY2FhLTExZTYtOGY4OC0zNDM2M2JjN2M0YzAiOnsiY3JlYXRlIjozMDAwMDAwMDAwMDAsImRlbGV0ZSI6MzAwMDAwMDAwMDAwLCJ1cGRhdGUiOjEyMDAwMDAwMDAwMH19",
          "dependencies": [
            "module.vpc_infra.aws_internet_gateway.igw",
            "module.vpc_infra.aws_route_table.public_rt",
            "module.vpc_infra.aws_subnet.public",
            "module.vpc_infra.aws_vpc.my_vpc"
          ]
        }
      ]
    },
    {
      "module": "module.vpc_infra",
      "mode": "managed",
      "type": "aws_security_group",
      "name": "private_sg",
      "provider": "provider[\"registry.terraform.io/hashicorp/aws\"]",
      "instances": [
        {
          "schema_version": 1,
          "attributes": {
            "arn": "arn:aws:ec2:us-east-1:953909302469:security-group/sg-058ca43d24ea9ad17",
            "description": "Managed by Terraform",
            "egress": [
              {
                "cidr_blocks": [
                  "0.0.0.0/0"
                ],
                "description": "",
                "from_port": 0,
                "ipv6_cidr_blocks": [],
                "prefix_list_ids": [],
                "protocol": "-1",
                "security_groups": [],
                "self": false,
                "to_port": 0
              }
            ],
            "id": "sg-058ca43d24ea9ad17",
            "ingress": [
              {
                "cidr_blocks": [
                  "10.0.0.0/16"
                ],
                "description": "",
                "from_port": 443,
                "ipv6_cidr_blocks": [],
                "prefix_list_ids": [],
                "protocol": "tcp",
                "security_groups": [],
                "self": false,
                "to_port": 443
              },
              {
                "cidr_blocks": [
                  "10.0.0.0/16"
                ],
                "description": "",
                "from_port": 6443,
                "ipv6_cidr_blocks": [],
                "prefix_list_ids": [],
                "protocol": "tcp",
                "security_groups": [],
                "self": false,
                "to_port": 6443
              },
              {
                "cidr_blocks": [
                  "10.0.0.0/16"
                ],
                "description": "",
                "from_port": 8080,
                "ipv6_cidr_blocks": [],
                "prefix_list_ids": [],
                "protocol": "tcp",
                "security_groups": [],
                "self": false,
                "to_port": 8080
              },
              {
                "cidr_blocks": [
                  "10.0.0.0/16"
                ],
                "description": "",
                "from_port": 80,
                "ipv6_cidr_blocks": [],
                "prefix_list_ids": [],
                "protocol": "tcp",
                "security_groups": [],
                "self": false,
                "to_port": 80
              },
              {
                "cidr_blocks": [],
                "description": "",
                "from_port": 22,
                "ipv6_cidr_blocks": [],
                "prefix_list_ids": [],
                "protocol": "tcp",
                "security_groups": [
                  "sg-01dba19451e83d2e1"
                ],
                "self": false,
                "to_port": 22
              }
            ],
            "name": "private-sg",
            "name_prefix": "",
            "owner_id": "953909302469",
            "region": "us-east-1",
            "revoke_rules_on_delete": false,
            "tags": null,
            "tags_all": {},
            "timeouts": null,
            "vpc_id": "vpc-044fb45d85b64b7ac"
          },
          "sensitive_attributes": [],
          "identity_schema_version": 0,
          "identity": {
            "account_id": "953909302469",
            "id": "sg-058ca43d24ea9ad17",
            "region": "us-east-1"
          },
          "private": "eyJlMmJmYjczMC1lY2FhLTExZTYtOGY4OC0zNDM2M2JjN2M0YzAiOnsiY3JlYXRlIjo2MDAwMDAwMDAwMDAsImRlbGV0ZSI6OTAwMDAwMDAwMDAwfSwic2NoZW1hX3ZlcnNpb24iOiIxIn0=",
          "dependencies": [
            "module.vpc_infra.aws_security_group.public_sg",
            "module.vpc_infra.aws_vpc.my_vpc"
          ],
          "create_before_destroy": true
        }
      ]
    },
    {
      "module": "module.vpc_infra",
      "mode": "managed",
      "type": "aws_security_group",
      "name": "public_sg",
      "provider": "provider[\"registry.terraform.io/hashicorp/aws\"]",
      "instances": [
        {
          "schema_version": 1,
          "attributes": {
            "arn": "arn:aws:ec2:us-east-1:953909302469:security-group/sg-01dba19451e83d2e1",
            "description": "Managed by Terraform",
            "egress": [
              {
                "cidr_blocks": [
                  "0.0.0.0/0"
                ],
                "description": "",
                "from_port": 0,
                "ipv6_cidr_blocks": [],
                "prefix_list_ids": [],
                "protocol": "-1",
                "security_groups": [],
                "self": false,
                "to_port": 0
              }
            ],
            "id": "sg-01dba19451e83d2e1",
            "ingress": [
              {
                "cidr_blocks": [
                  "0.0.0.0/0"
                ],
                "description": "",
                "from_port": 22,
                "ipv6_cidr_blocks": [],
                "prefix_list_ids": [],
                "protocol": "tcp",
                "security_groups": [],
                "self": false,
                "to_port": 22
              },
              {
                "cidr_blocks": [
                  "0.0.0.0/0"
                ],
                "description": "",
                "from_port": 443,
                "ipv6_cidr_blocks": [],
                "prefix_list_ids": [],
                "protocol": "tcp",
                "security_groups": [],
                "self": false,
                "to_port": 443
              },
              {
                "cidr_blocks": [
                  "0.0.0.0/0"
                ],
                "description": "",
                "from_port": 8080,
                "ipv6_cidr_blocks": [],
                "prefix_list_ids": [],
                "protocol": "tcp",
                "security_groups": [],
                "self": false,
                "to_port": 8080
              },
              {
                "cidr_blocks": [
                  "0.0.0.0/0"
                ],
                "description": "",
                "from_port": 80,
                "ipv6_cidr_blocks": [],
                "prefix_list_ids": [],
                "protocol": "tcp",
                "security_groups": [],
                "self": false,
                "to_port": 80
              }
            ],
            "name": "public-sg",
            "name_prefix": "",
            "owner_id": "953909302469",
            "region": "us-east-1",
            "revoke_rules_on_delete": false,
            "tags": null,
            "tags_all": {},
            "timeouts": null,
            "vpc_id": "vpc-044fb45d85b64b7ac"
          },
          "sensitive_attributes": [],
          "identity_schema_version": 0,
          "identity": {
            "account_id": "953909302469",
            "id": "sg-01dba19451e83d2e1",
            "region": "us-east-1"
          },
          "private": "eyJlMmJmYjczMC1lY2FhLTExZTYtOGY4OC0zNDM2M2JjN2M0YzAiOnsiY3JlYXRlIjo2MDAwMDAwMDAwMDAsImRlbGV0ZSI6OTAwMDAwMDAwMDAwfSwic2NoZW1hX3ZlcnNpb24iOiIxIn0=",
          "dependencies": [
            "module.vpc_infra.aws_vpc.my_vpc"
          ],
          "create_before_destroy": true
        }
      ]
    },
    {
      "module": "module.vpc_infra",
      "mode": "managed",
      "type": "aws_subnet",
      "name": "private",
      "provider": "provider[\"registry.terraform.io/hashicorp/aws\"]",
      "instances": [
        {
          "index_key": 0,
          "schema_version": 1,
          "attributes": {
            "arn": "arn:aws:ec2:us-east-1:953909302469:subnet/subnet-07154cb03170e16fe",
            "assign_ipv6_address_on_creation": false,
            "availability_zone": "us-east-1a",
            "availability_zone_id": "use1-az1",
            "cidr_block": "10.0.2.0/24",
            "customer_owned_ipv4_pool": "",
            "enable_dns64": false,
            "enable_lni_at_device_index": 0,
            "enable_resource_name_dns_a_record_on_launch": false,
            "enable_resource_name_dns_aaaa_record_on_launch": false,
            "id": "subnet-07154cb03170e16fe",
            "ipv4_ipam_pool_id": null,
            "ipv4_netmask_length": null,
            "ipv6_cidr_block": "",
            "ipv6_cidr_block_association_id": "",
            "ipv6_ipam_pool_id": null,
            "ipv6_native": false,
            "ipv6_netmask_length": null,
            "map_customer_owned_ip_on_launch": false,
            "map_public_ip_on_launch": false,
            "outpost_arn": "",
            "owner_id": "953909302469",
            "private_dns_hostname_type_on_launch": "ip-name",
            "region": "us-east-1",
            "tags": {
              "App": "my_vpc_project",
              "Name": "priv0"
            },
            "tags_all": {
              "App": "my_vpc_project",
              "Name": "priv0"
            },
            "timeouts": null,
            "vpc_id": "vpc-044fb45d85b64b7ac"
          },
          "sensitive_attributes": [],
          "identity_schema_version": 0,
          "identity": {
            "account_id": "953909302469",
            "id": "subnet-07154cb03170e16fe",
            "region": "us-east-1"
          },
          "private": "eyJlMmJmYjczMC1lY2FhLTExZTYtOGY4OC0zNDM2M2JjN2M0YzAiOnsiY3JlYXRlIjo2MDAwMDAwMDAwMDAsImRlbGV0ZSI6MTIwMDAwMDAwMDAwMH0sInNjaGVtYV92ZXJzaW9uIjoiMSJ9",
          "dependencies": [
            "module.vpc_infra.aws_vpc.my_vpc"
          ]
        },
        {
          "index_key": 1,
          "schema_version": 1,
          "attributes": {
            "arn": "arn:aws:ec2:us-east-1:953909302469:subnet/subnet-080d9ba343b9cc5c6",
            "assign_ipv6_address_on_creation": false,
            "availability_zone": "us-east-1b",
            "availability_zone_id": "use1-az2",
            "cidr_block": "10.0.3.0/24",
            "customer_owned_ipv4_pool": "",
            "enable_dns64": false,
            "enable_lni_at_device_index": 0,
            "enable_resource_name_dns_a_record_on_launch": false,
            "enable_resource_name_dns_aaaa_record_on_launch": false,
            "id": "subnet-080d9ba343b9cc5c6",
            "ipv4_ipam_pool_id": null,
            "ipv4_netmask_length": null,
            "ipv6_cidr_block": "",
            "ipv6_cidr_block_association_id": "",
            "ipv6_ipam_pool_id": null,
            "ipv6_native": false,
            "ipv6_netmask_length": null,
            "map_customer_owned_ip_on_launch": false,
            "map_public_ip_on_launch": false,
            "outpost_arn": "",
            "owner_id": "953909302469",
            "private_dns_hostname_type_on_launch": "ip-name",
            "region": "us-east-1",
            "tags": {
              "App": "my_vpc_project",
              "Name": "priv1"
            },
            "tags_all": {
              "App": "my_vpc_project",
              "Name": "priv1"
            },
            "timeouts": null,
            "vpc_id": "vpc-044fb45d85b64b7ac"
          },
          "sensitive_attributes": [],
          "identity_schema_version": 0,
          "identity": {
            "account_id": "953909302469",
            "id": "subnet-080d9ba343b9cc5c6",
            "region": "us-east-1"
          },
          "private": "eyJlMmJmYjczMC1lY2FhLTExZTYtOGY4OC0zNDM2M2JjN2M0YzAiOnsiY3JlYXRlIjo2MDAwMDAwMDAwMDAsImRlbGV0ZSI6MTIwMDAwMDAwMDAwMH0sInNjaGVtYV92ZXJzaW9uIjoiMSJ9",
          "dependencies": [
            "module.vpc_infra.aws_vpc.my_vpc"
          ]
        }
      ]
    },
    {
      "module": "module.vpc_infra",
      "mode": "managed",
      "type": "aws_subnet",
      "name": "public",
      "provider": "provider[\"registry.terraform.io/hashicorp/aws\"]",
      "instances": [
        {
          "index_key": 0,
          "schema_version": 1,
          "attributes": {
            "arn": "arn:aws:ec2:us-east-1:953909302469:subnet/subnet-086c383721ec63fdc",
            "assign_ipv6_address_on_creation": false,
            "availability_zone": "us-east-1a",
            "availability_zone_id": "use1-az1",
            "cidr_block": "10.0.0.0/24",
            "customer_owned_ipv4_pool": "",
            "enable_dns64": false,
            "enable_lni_at_device_index": 0,
            "enable_resource_name_dns_a_record_on_launch": false,
            "enable_resource_name_dns_aaaa_record_on_launch": false,
            "id": "subnet-086c383721ec63fdc",
            "ipv4_ipam_pool_id": null,
            "ipv4_netmask_length": null,
            "ipv6_cidr_block": "",
            "ipv6_cidr_block_association_id": "",
            "ipv6_ipam_pool_id": null,
            "ipv6_native": false,
            "ipv6_netmask_length": null,
            "map_customer_owned_ip_on_launch": false,
            "map_public_ip_on_launch": false,
            "outpost_arn": "",
            "owner_id": "953909302469",
            "private_dns_hostname_type_on_launch": "ip-name",
            "region": "us-east-1",
            "tags": {
              "App": "my_vpc_project",
              "Name": "pub0"
            },
            "tags_all": {
              "App": "my_vpc_project",
              "Name": "pub0"
            },
            "timeouts": null,
            "vpc_id": "vpc-044fb45d85b64b7ac"
          },
          "sensitive_attributes": [],
          "identity_schema_version": 0,
          "identity": {
            "account_id": "953909302469",
            "id": "subnet-086c383721ec63fdc",
            "region": "us-east-1"
          },
          "private": "eyJlMmJmYjczMC1lY2FhLTExZTYtOGY4OC0zNDM2M2JjN2M0YzAiOnsiY3JlYXRlIjo2MDAwMDAwMDAwMDAsImRlbGV0ZSI6MTIwMDAwMDAwMDAwMH0sInNjaGVtYV92ZXJzaW9uIjoiMSJ9",
          "dependencies": [
            "module.vpc_infra.aws_vpc.my_vpc"
          ]
        },
        {
          "index_key": 1,
          "schema_version": 1,
          "attributes": {
            "arn": "arn:aws:ec2:us-east-1:953909302469:subnet/subnet-0de0dfa6890c3eb8e",
            "assign_ipv6_address_on_creation": false,
            "availability_zone": "us-east-1b",
            "availability_zone_id": "use1-az2",
            "cidr_block": "10.0.1.0/24",
            "customer_owned_ipv4_pool": "",
            "enable_dns64": false,
            "enable_lni_at_device_index": 0,
            "enable_resource_name_dns_a_record_on_launch": false,
            "enable_resource_name_dns_aaaa_record_on_launch": false,
            "id": "subnet-0de0dfa6890c3eb8e",
            "ipv4_ipam_pool_id": null,
            "ipv4_netmask_length": null,
            "ipv6_cidr_block": "",
            "ipv6_cidr_block_association_id": "",
            "ipv6_ipam_pool_id": null,
            "ipv6_native": false,
            "ipv6_netmask_length": null,
            "map_customer_owned_ip_on_launch": false,
            "map_public_ip_on_launch": false,
            "outpost_arn": "",
            "owner_id": "953909302469",
            "private_dns_hostname_type_on_launch": "ip-name",
            "region": "us-east-1",
            "tags": {
              "App": "my_vpc_project",
              "Name": "pub1"
            },
            "tags_all": {
              "App": "my_vpc_project",
              "Name": "pub1"
            },
            "timeouts": null,
            "vpc_id": "vpc-044fb45d85b64b7ac"
          },
          "sensitive_attributes": [],
          "identity_schema_version": 0,
          "identity": {
            "account_id": "953909302469",
            "id": "subnet-0de0dfa6890c3eb8e",
            "region": "us-east-1"
          },
          "private": "eyJlMmJmYjczMC1lY2FhLTExZTYtOGY4OC0zNDM2M2JjN2M0YzAiOnsiY3JlYXRlIjo2MDAwMDAwMDAwMDAsImRlbGV0ZSI6MTIwMDAwMDAwMDAwMH0sInNjaGVtYV92ZXJzaW9uIjoiMSJ9",
          "dependencies": [
            "module.vpc_infra.aws_vpc.my_vpc"
          ]
        }
      ]
    },
    {
      "module": "module.vpc_infra",
      "mode": "managed",
      "type": "aws_vpc",
      "name": "my_vpc",
      "provider": "provider[\"registry.terraform.io/hashicorp/aws\"]",
      "instances": [
        {
          "schema_version": 1,
          "attributes": {
            "arn": "arn:aws:ec2:us-east-1:953909302469:vpc/vpc-044fb45d85b64b7ac",
            "assign_generated_ipv6_cidr_block": false,
            "cidr_block": "10.0.0.0/16",
            "default_network_acl_id": "acl-0a49b8b064e24109d",
            "default_route_table_id": "rtb-042b4cb81a562dfd2",
            "default_security_group_id": "sg-0c29766a5508cba6b",
            "dhcp_options_id": "dopt-03c53532e2e4b0455",
            "enable_dns_hostnames": false,
            "enable_dns_support": true,
            "enable_network_address_usage_metrics": false,
            "id": "vpc-044fb45d85b64b7ac",
            "instance_tenancy": "default",
            "ipv4_ipam_pool_id": null,
            "ipv4_netmask_length": null,
            "ipv6_association_id": "",
            "ipv6_cidr_block": "",
            "ipv6_cidr_block_network_border_group": "",
            "ipv6_ipam_pool_id": "",
            "ipv6_netmask_length": 0,
            "main_route_table_id": "rtb-042b4cb81a562dfd2",
            "owner_id": "953909302469",
            "region": "us-east-1",
            "tags": {
              "App": "my_vpc_project",
              "Name": "my-vpc"
            },
            "tags_all": {
              "App": "my_vpc_project",
              "Name": "my-vpc"
            }
          },
          "sensitive_attributes": [],
          "identity_schema_version": 0,
          "identity": {
            "account_id": "953909302469",
            "id": "vpc-044fb45d85b64b7ac",
            "region": "us-east-1"
          },
          "private": "eyJzY2hlbWFfdmVyc2lvbiI6IjEifQ==",
          "create_before_destroy": true
        }
      ]
    }
  ],
  "check_results": null
}
